
Microsoft Visual Studio Solution File, Format Version 12.00
# Visual Studio Version 17
VisualStudioVersion = 17.6.33723.286
MinimumVisualStudioVersion = 10.0.40219.1
Project("{9A19103F-16F7-4668-BE54-9A1E7A4F7556}") = "Solisystems", "Solisystems\Solisystems.csproj", "{AB359128-8DD0-4305-8441-41F470277195}"
EndProject
Global
	GlobalSection(SolutionConfigurationPlatforms) = preSolution
		Debug|Any CPU = Debug|Any CPU
		Release|Any CPU = Release|Any CPU
	EndGlobalSection
	GlobalSection(ProjectConfigurationPlatforms) = postSolution
		{AB359128-8DD0-4305-8441-41F470277195}.Debug|Any CPU.ActiveCfg = Debug|Any CPU
		{AB359128-8DD0-4305-8441-41F470277195}.Debug|Any CPU.Build.0 = Debug|Any CPU
		{AB359128-8DD0-4305-8441-41F470277195}.Release|Any CPU.ActiveCfg = Release|Any CPU
		{AB359128-8DD0-4305-8441-41F470277195}.Release|Any CPU.Build.0 = Release|Any CPU
	EndGlobalSection
	GlobalSection(SolutionProperties) = preSolution
		HideSolutionNode = FALSE
	EndGlobalSection
	GlobalSection(ExtensibilityGlobals) = postSolution
		SolutionGuid = {F5E57C11-374E-4D7C-A922-68DB5AF630C8}
	EndGlobalSection
EndGlobal
